
Microsoft Visual Studio Solution File, Format Version 12.00
Project("{FAE04EC0-301F-11D3-BF4B-00C04F79EFBC}") = "Data", "Data\Data.csproj", "{C1D0BF0E-314B-4883-8433-64C97066772F}"
EndProject
Project("{FAE04EC0-301F-11D3-BF4B-00C04F79EFBC}") = "EfcDataBase", "EfcDataBase\EfcDataBase.csproj", "{EC84B66D-BE16-4A0E-A741-92A59CD1A9B4}"
EndProject
Project("{FAE04EC0-301F-11D3-BF4B-00C04F79EFBC}") = "Network", "Network\Network.csproj", "{C2737389-3371-43F9-BAD1-265555850AAD}"
EndProject
Project("{FAE04EC0-301F-11D3-BF4B-00C04F79EFBC}") = "Contracts", "Contracts\Contracts.csproj", "{AB696866-6CCF-45CA-9B55-4CAC966FD7DD}"
EndProject
Project("{FAE04EC0-301F-11D3-BF4B-00C04F79EFBC}") = "Entities", "Entities\Entities.csproj", "{C301C83B-19D0-4FC1-8FB5-5FC8047794EC}"
EndProject
Global
	GlobalSection(SolutionConfigurationPlatforms) = preSolution
		Debug|Any CPU = Debug|Any CPU
		Release|Any CPU = Release|Any CPU
	EndGlobalSection
	GlobalSection(ProjectConfigurationPlatforms) = postSolution
		{C1D0BF0E-314B-4883-8433-64C97066772F}.Debug|Any CPU.ActiveCfg = Debug|Any CPU
		{C1D0BF0E-314B-4883-8433-64C97066772F}.Debug|Any CPU.Build.0 = Debug|Any CPU
		{C1D0BF0E-314B-4883-8433-64C97066772F}.Release|Any CPU.ActiveCfg = Release|Any CPU
		{C1D0BF0E-314B-4883-8433-64C97066772F}.Release|Any CPU.Build.0 = Release|Any CPU
		{EC84B66D-BE16-4A0E-A741-92A59CD1A9B4}.Debug|Any CPU.ActiveCfg = Debug|Any CPU
		{EC84B66D-BE16-4A0E-A741-92A59CD1A9B4}.Debug|Any CPU.Build.0 = Debug|Any CPU
		{EC84B66D-BE16-4A0E-A741-92A59CD1A9B4}.Release|Any CPU.ActiveCfg = Release|Any CPU
		{EC84B66D-BE16-4A0E-A741-92A59CD1A9B4}.Release|Any CPU.Build.0 = Release|Any CPU
		{C2737389-3371-43F9-BAD1-265555850AAD}.Debug|Any CPU.ActiveCfg = Debug|Any CPU
		{C2737389-3371-43F9-BAD1-265555850AAD}.Debug|Any CPU.Build.0 = Debug|Any CPU
		{C2737389-3371-43F9-BAD1-265555850AAD}.Release|Any CPU.ActiveCfg = Release|Any CPU
		{C2737389-3371-43F9-BAD1-265555850AAD}.Release|Any CPU.Build.0 = Release|Any CPU
		{AB696866-6CCF-45CA-9B55-4CAC966FD7DD}.Debug|Any CPU.ActiveCfg = Debug|Any CPU
		{AB696866-6CCF-45CA-9B55-4CAC966FD7DD}.Debug|Any CPU.Build.0 = Debug|Any CPU
		{AB696866-6CCF-45CA-9B55-4CAC966FD7DD}.Release|Any CPU.ActiveCfg = Release|Any CPU
		{AB696866-6CCF-45CA-9B55-4CAC966FD7DD}.Release|Any CPU.Build.0 = Release|Any CPU
		{C301C83B-19D0-4FC1-8FB5-5FC8047794EC}.Debug|Any CPU.ActiveCfg = Debug|Any CPU
		{C301C83B-19D0-4FC1-8FB5-5FC8047794EC}.Debug|Any CPU.Build.0 = Debug|Any CPU
		{C301C83B-19D0-4FC1-8FB5-5FC8047794EC}.Release|Any CPU.ActiveCfg = Release|Any CPU
		{C301C83B-19D0-4FC1-8FB5-5FC8047794EC}.Release|Any CPU.Build.0 = Release|Any CPU
	EndGlobalSection
EndGlobal
